
Microsoft Visual Studio Solution File, Format Version 12.00
# Visual Studio Version 16
VisualStudioVersion = 16.0.30225.117
MinimumVisualStudioVersion = 10.0.40219.1
Project("{FAE04EC0-301F-11D3-BF4B-00C04F79EFBC}") = "IsAnythingServer", "IsAnythingServer\IsAnythingServer.csproj", "{88E7E47C-BCA0-408D-85F1-D8B01981B376}"
EndProject
Global
	GlobalSection(SolutionConfigurationPlatforms) = preSolution
		Debug|Any CPU = Debug|Any CPU
		Release|Any CPU = Release|Any CPU
	EndGlobalSection
	GlobalSection(ProjectConfigurationPlatforms) = postSolution
		{88E7E47C-BCA0-408D-85F1-D8B01981B376}.Debug|Any CPU.ActiveCfg = Debug|Any CPU
		{88E7E47C-BCA0-408D-85F1-D8B01981B376}.Debug|Any CPU.Build.0 = Debug|Any CPU
		{88E7E47C-BCA0-408D-85F1-D8B01981B376}.Release|Any CPU.ActiveCfg = Release|Any CPU
		{88E7E47C-BCA0-408D-85F1-D8B01981B376}.Release|Any CPU.Build.0 = Release|Any CPU
	EndGlobalSection
	GlobalSection(SolutionProperties) = preSolution
		HideSolutionNode = FALSE
	EndGlobalSection
	GlobalSection(ExtensibilityGlobals) = postSolution
		SolutionGuid = {A2C4BFF1-69EC-4292-BE71-A810C97F921B}
	EndGlobalSection
EndGlobal
